
Microsoft Visual Studio Solution File, Format Version 12.00
# Visual Studio Version 16
VisualStudioVersion = 16.0.29911.84
MinimumVisualStudioVersion = 10.0.40219.1
Project("{9A19103F-16F7-4668-BE54-9A1E7A4F7556}") = "SuperPostDroidPunk", "src\PostDroid\SuperPostDroidPunk.csproj", "{7C61B806-F7B0-4264-8A94-56E07B05615F}"
EndProject
Project("{9A19103F-16F7-4668-BE54-9A1E7A4F7556}") = "WebApplicationPostTest", "src\WebApplicationPostTest\WebApplicationPostTest.csproj", "{1FB7A474-7156-4555-BBE5-2739ED4DFF49}"
EndProject
Global
	GlobalSection(SolutionConfigurationPlatforms) = preSolution
		Debug|Any CPU = Debug|Any CPU
		Release|Any CPU = Release|Any CPU
	EndGlobalSection
	GlobalSection(ProjectConfigurationPlatforms) = postSolution
		{7C61B806-F7B0-4264-8A94-56E07B05615F}.Debug|Any CPU.ActiveCfg = Debug|Any CPU
		{7C61B806-F7B0-4264-8A94-56E07B05615F}.Debug|Any CPU.Build.0 = Debug|Any CPU
		{7C61B806-F7B0-4264-8A94-56E07B05615F}.Release|Any CPU.ActiveCfg = Release|Any CPU
		{7C61B806-F7B0-4264-8A94-56E07B05615F}.Release|Any CPU.Build.0 = Release|Any CPU
		{1FB7A474-7156-4555-BBE5-2739ED4DFF49}.Debug|Any CPU.ActiveCfg = Debug|Any CPU
		{1FB7A474-7156-4555-BBE5-2739ED4DFF49}.Debug|Any CPU.Build.0 = Debug|Any CPU
		{1FB7A474-7156-4555-BBE5-2739ED4DFF49}.Release|Any CPU.ActiveCfg = Release|Any CPU
		{1FB7A474-7156-4555-BBE5-2739ED4DFF49}.Release|Any CPU.Build.0 = Release|Any CPU
	EndGlobalSection
	GlobalSection(SolutionProperties) = preSolution
		HideSolutionNode = FALSE
	EndGlobalSection
	GlobalSection(ExtensibilityGlobals) = postSolution
		SolutionGuid = {7E866A4A-FBF8-4040-A3E3-0B6EB331BAEE}
	EndGlobalSection
EndGlobal
